
Microsoft Visual Studio Solution File, Format Version 12.00
# Visual Studio Version 17
VisualStudioVersion = 17.9.34622.214
MinimumVisualStudioVersion = 10.0.40219.1
Project("{9A19103F-16F7-4668-BE54-9A1E7A4F7556}") = "TennisShopSystem.Web", "TennisShopSystem.Web\TennisShopSystem.Web.csproj", "{E2E7611B-8B21-4BF5-AED2-1242649CF323}"
EndProject
Project("{9A19103F-16F7-4668-BE54-9A1E7A4F7556}") = "TennisShopSystem.Common", "TennisShopSystem.Common\TennisShopSystem.Common.csproj", "{6D9298A0-8B2D-447E-853F-4EF8E919AC5C}"
EndProject
Project("{2150E333-8FDC-42A3-9474-1A3956D46DE8}") = "Web", "Web", "{7CDFA07F-4F87-47CB-BAEF-6A5B34ECEC83}"
EndProject
Project("{2150E333-8FDC-42A3-9474-1A3956D46DE8}") = "Data", "Data", "{A0B19FE0-9C3A-4D4A-8F43-BC47AFC2584A}"
EndProject
Project("{9A19103F-16F7-4668-BE54-9A1E7A4F7556}") = "TennisShopSystem.Data", "TennisShopSystem.Data\TennisShopSystem.Data.csproj", "{C2B739E9-DCA8-4301-AEF9-D3DC79F971EA}"
EndProject
Project("{9A19103F-16F7-4668-BE54-9A1E7A4F7556}") = "TennisShopSystem.Data.Models", "TennisShopSystem.Data.Models\TennisShopSystem.Data.Models.csproj", "{320373F1-72C9-4E8E-BCA3-9D5314F30572}"
EndProject
Project("{9A19103F-16F7-4668-BE54-9A1E7A4F7556}") = "TennisShopSystem.Web.ViewModels", "TennisShopSystem.Web.ViewModels\TennisShopSystem.Web.ViewModels.csproj", "{7FC4929F-824E-4455-9C9B-728A2DE8B35D}"
EndProject
Project("{2150E333-8FDC-42A3-9474-1A3956D46DE8}") = "Services", "Services", "{8E6004C6-B524-4588-941F-1C0F052ADD79}"
EndProject
Project("{9A19103F-16F7-4668-BE54-9A1E7A4F7556}") = "TennisShopSystem.Services.Data", "TennisShopSystem.Services.Data\TennisShopSystem.Services.Data.csproj", "{8C67F62C-7A68-4B80-B96B-0192BED861CE}"
EndProject
Project("{9A19103F-16F7-4668-BE54-9A1E7A4F7556}") = "TennisShopSystem.Web.Infrastructure", "TennisShopSystem.Web.Infrastructure\TennisShopSystem.Web.Infrastructure.csproj", "{9D05D2A7-6261-4E2B-9AB0-3889FA602FCE}"
EndProject
Project("{9A19103F-16F7-4668-BE54-9A1E7A4F7556}") = "TennisShopSystem.Services.Data.Models", "TennisShopSystem.Services.Data.Models\TennisShopSystem.Services.Data.Models.csproj", "{3175C506-5A45-43C9-9F4A-E7606CDE27EF}"
EndProject
Project("{2150E333-8FDC-42A3-9474-1A3956D46DE8}") = "Tests", "Tests", "{BD968D8B-2A74-4D28-AF95-AF2CC31B7943}"
EndProject
Project("{FAE04EC0-301F-11D3-BF4B-00C04F79EFBC}") = "TennisShopSystem.Services.Tests", "TennisShopSystem.Services.Tests\TennisShopSystem.Services.Tests.csproj", "{BEA446B6-052B-4FE6-8A27-3C5F40F19F11}"
EndProject
Global
	GlobalSection(SolutionConfigurationPlatforms) = preSolution
		Debug|Any CPU = Debug|Any CPU
		Release|Any CPU = Release|Any CPU
	EndGlobalSection
	GlobalSection(ProjectConfigurationPlatforms) = postSolution
		{E2E7611B-8B21-4BF5-AED2-1242649CF323}.Debug|Any CPU.ActiveCfg = Debug|Any CPU
		{E2E7611B-8B21-4BF5-AED2-1242649CF323}.Debug|Any CPU.Build.0 = Debug|Any CPU
		{E2E7611B-8B21-4BF5-AED2-1242649CF323}.Release|Any CPU.ActiveCfg = Release|Any CPU
		{E2E7611B-8B21-4BF5-AED2-1242649CF323}.Release|Any CPU.Build.0 = Release|Any CPU
		{6D9298A0-8B2D-447E-853F-4EF8E919AC5C}.Debug|Any CPU.ActiveCfg = Debug|Any CPU
		{6D9298A0-8B2D-447E-853F-4EF8E919AC5C}.Debug|Any CPU.Build.0 = Debug|Any CPU
		{6D9298A0-8B2D-447E-853F-4EF8E919AC5C}.Release|Any CPU.ActiveCfg = Release|Any CPU
		{6D9298A0-8B2D-447E-853F-4EF8E919AC5C}.Release|Any CPU.Build.0 = Release|Any CPU
		{C2B739E9-DCA8-4301-AEF9-D3DC79F971EA}.Debug|Any CPU.ActiveCfg = Debug|Any CPU
		{C2B739E9-DCA8-4301-AEF9-D3DC79F971EA}.Debug|Any CPU.Build.0 = Debug|Any CPU
		{C2B739E9-DCA8-4301-AEF9-D3DC79F971EA}.Release|Any CPU.ActiveCfg = Release|Any CPU
		{C2B739E9-DCA8-4301-AEF9-D3DC79F971EA}.Release|Any CPU.Build.0 = Release|Any CPU
		{320373F1-72C9-4E8E-BCA3-9D5314F30572}.Debug|Any CPU.ActiveCfg = Debug|Any CPU
		{320373F1-72C9-4E8E-BCA3-9D5314F30572}.Debug|Any CPU.Build.0 = Debug|Any CPU
		{320373F1-72C9-4E8E-BCA3-9D5314F30572}.Release|Any CPU.ActiveCfg = Release|Any CPU
		{320373F1-72C9-4E8E-BCA3-9D5314F30572}.Release|Any CPU.Build.0 = Release|Any CPU
		{7FC4929F-824E-4455-9C9B-728A2DE8B35D}.Debug|Any CPU.ActiveCfg = Debug|Any CPU
		{7FC4929F-824E-4455-9C9B-728A2DE8B35D}.Debug|Any CPU.Build.0 = Debug|Any CPU
		{7FC4929F-824E-4455-9C9B-728A2DE8B35D}.Release|Any CPU.ActiveCfg = Release|Any CPU
		{7FC4929F-824E-4455-9C9B-728A2DE8B35D}.Release|Any CPU.Build.0 = Release|Any CPU
		{8C67F62C-7A68-4B80-B96B-0192BED861CE}.Debug|Any CPU.ActiveCfg = Debug|Any CPU
		{8C67F62C-7A68-4B80-B96B-0192BED861CE}.Debug|Any CPU.Build.0 = Debug|Any CPU
		{8C67F62C-7A68-4B80-B96B-0192BED861CE}.Release|Any CPU.ActiveCfg = Release|Any CPU
		{8C67F62C-7A68-4B80-B96B-0192BED861CE}.Release|Any CPU.Build.0 = Release|Any CPU
		{9D05D2A7-6261-4E2B-9AB0-3889FA602FCE}.Debug|Any CPU.ActiveCfg = Debug|Any CPU
		{9D05D2A7-6261-4E2B-9AB0-3889FA602FCE}.Debug|Any CPU.Build.0 = Debug|Any CPU
		{9D05D2A7-6261-4E2B-9AB0-3889FA602FCE}.Release|Any CPU.ActiveCfg = Release|Any CPU
		{9D05D2A7-6261-4E2B-9AB0-3889FA602FCE}.Release|Any CPU.Build.0 = Release|Any CPU
		{3175C506-5A45-43C9-9F4A-E7606CDE27EF}.Debug|Any CPU.ActiveCfg = Debug|Any CPU
		{3175C506-5A45-43C9-9F4A-E7606CDE27EF}.Debug|Any CPU.Build.0 = Debug|Any CPU
		{3175C506-5A45-43C9-9F4A-E7606CDE27EF}.Release|Any CPU.ActiveCfg = Release|Any CPU
		{3175C506-5A45-43C9-9F4A-E7606CDE27EF}.Release|Any CPU.Build.0 = Release|Any CPU
		{BEA446B6-052B-4FE6-8A27-3C5F40F19F11}.Debug|Any CPU.ActiveCfg = Debug|Any CPU
		{BEA446B6-052B-4FE6-8A27-3C5F40F19F11}.Debug|Any CPU.Build.0 = Debug|Any CPU
		{BEA446B6-052B-4FE6-8A27-3C5F40F19F11}.Release|Any CPU.ActiveCfg = Release|Any CPU
		{BEA446B6-052B-4FE6-8A27-3C5F40F19F11}.Release|Any CPU.Build.0 = Release|Any CPU
	EndGlobalSection
	GlobalSection(SolutionProperties) = preSolution
		HideSolutionNode = FALSE
	EndGlobalSection
	GlobalSection(NestedProjects) = preSolution
		{E2E7611B-8B21-4BF5-AED2-1242649CF323} = {7CDFA07F-4F87-47CB-BAEF-6A5B34ECEC83}
		{C2B739E9-DCA8-4301-AEF9-D3DC79F971EA} = {A0B19FE0-9C3A-4D4A-8F43-BC47AFC2584A}
		{320373F1-72C9-4E8E-BCA3-9D5314F30572} = {A0B19FE0-9C3A-4D4A-8F43-BC47AFC2584A}
		{7FC4929F-824E-4455-9C9B-728A2DE8B35D} = {7CDFA07F-4F87-47CB-BAEF-6A5B34ECEC83}
		{8C67F62C-7A68-4B80-B96B-0192BED861CE} = {8E6004C6-B524-4588-941F-1C0F052ADD79}
		{9D05D2A7-6261-4E2B-9AB0-3889FA602FCE} = {7CDFA07F-4F87-47CB-BAEF-6A5B34ECEC83}
		{3175C506-5A45-43C9-9F4A-E7606CDE27EF} = {8E6004C6-B524-4588-941F-1C0F052ADD79}
		{BEA446B6-052B-4FE6-8A27-3C5F40F19F11} = {BD968D8B-2A74-4D28-AF95-AF2CC31B7943}
	EndGlobalSection
	GlobalSection(ExtensibilityGlobals) = postSolution
		SolutionGuid = {6A433F74-F607-4EFF-8FF4-128A937CCBA3}
	EndGlobalSection
EndGlobal
